// !$*UTF8*$!
{
	archiveVersion = 1;
	classes = {
	};
	objectVersion = 46;
	objects = {

/* Begin PBXBuildFile section */
		28C6FE6F1A80BD8D00D8712B /* main.m in Sources */ = {isa = PBXBuildFile; fileRef = 28C6FE6E1A80BD8D00D8712B /* main.m */; };
		28C6FE721A80BD8D00D8712B /* AppDelegate.m in Sources */ = {isa = PBXBuildFile; fileRef = 28C6FE711A80BD8D00D8712B /* AppDelegate.m */; };
		28C6FE781A80BD8D00D8712B /* Main.storyboard in Resources */ = {isa = PBXBuildFile; fileRef = 28C6FE761A80BD8D00D8712B /* Main.storyboard */; };
		28C6FE7A1A80BD8D00D8712B /* Images.xcassets in Resources */ = {isa = PBXBuildFile; fileRef = 28C6FE791A80BD8D00D8712B /* Images.xcassets */; };
		28C6FE7D1A80BD8D00D8712B /* LaunchScreen.xib in Resources */ = {isa = PBXBuildFile; fileRef = 28C6FE7B1A80BD8D00D8712B /* LaunchScreen.xib */; };
		28C6FE891A80BD8D00D8712B /* CollectionViewDemoTests.m in Sources */ = {isa = PBXBuildFile; fileRef = 28C6FE881A80BD8D00D8712B /* CollectionViewDemoTests.m */; };
		28C6FEBD1A80DE5A00D8712B /* 1.png in Resources */ = {isa = PBXBuildFile; fileRef = 28C6FEB41A80DE5A00D8712B /* 1.png */; };
		28C6FEBE1A80DE5A00D8712B /* 2.png in Resources */ = {isa = PBXBuildFile; fileRef = 28C6FEB51A80DE5A00D8712B /* 2.png */; };
		28C6FEBF1A80DE5A00D8712B /* 3.png in Resources */ = {isa = PBXBuildFile; fileRef = 28C6FEB61A80DE5A00D8712B /* 3.png */; };
		28C6FEC01A80DE5A00D8712B /* 4.png in Resources */ = {isa = PBXBuildFile; fileRef = 28C6FEB71A80DE5A00D8712B /* 4.png */; };
		28C6FEC11A80DE5A00D8712B /* 5.png in Resources */ = {isa = PBXBuildFile; fileRef = 28C6FEB81A80DE5A00D8712B /* 5.png */; };
		28C6FEC21A80DE5A00D8712B /* 6.png in Resources */ = {isa = PBXBuildFile; fileRef = 28C6FEB91A80DE5A00D8712B /* 6.png */; };
		28C6FEC31A80DE5A00D8712B /* 7.png in Resources */ = {isa = PBXBuildFile; fileRef = 28C6FEBA1A80DE5A00D8712B /* 7.png */; };
		28C6FEC41A80DE5A00D8712B /* 8.png in Resources */ = {isa = PBXBuildFile; fileRef = 28C6FEBB1A80DE5A00D8712B /* 8.png */; };
		28C6FEC51A80DE5A00D8712B /* 9.png in Resources */ = {isa = PBXBuildFile; fileRef = 28C6FEBC1A80DE5A00D8712B /* 9.png */; };
		28C6FECA1A80E57A00D8712B /* CollectionViewController.m in Sources */ = {isa = PBXBuildFile; fileRef = 28C6FEC91A80E57A00D8712B /* CollectionViewController.m */; };
		28C6FECE1A80E58400D8712B /* CustomCell.m in Sources */ = {isa = PBXBuildFile; fileRef = 28C6FECD1A80E58400D8712B /* CustomCell.m */; };
/* End PBXBuildFile section */

/* Begin PBXContainerItemProxy section */
		28C6FE831A80BD8D00D8712B /* PBXContainerItemProxy */ = {
			isa = PBXContainerItemProxy;
			containerPortal = 28C6FE611A80BD8D00D8712B /* Project object */;
			proxyType = 1;
			remoteGlobalIDString = 28C6FE681A80BD8D00D8712B;
			remoteInfo = CollectionViewDemo;
		};
/* End PBXContainerItemProxy section */

/* Begin PBXFileReference section */
		28C6FE691A80BD8D00D8712B /* CollectionViewDemo.app */ = {isa = PBXFileReference; explicitFileType = wrapper.application; includeInIndex = 0; path = CollectionViewDemo.app; sourceTree = BUILT_PRODUCTS_DIR; };
		28C6FE6D1A80BD8D00D8712B /* Info.plist */ = {isa = PBXFileReference; lastKnownFileType = text.plist.xml; path = Info.plist; sourceTree = "<group>"; };
		28C6FE6E1A80BD8D00D8712B /* main.m */ = {isa = PBXFileReference; lastKnownFileType = sourcecode.c.objc; path = main.m; sourceTree = "<group>"; };
		28C6FE701A80BD8D00D8712B /* AppDelegate.h */ = {isa = PBXFileReference; lastKnownFileType = sourcecode.c.h; path = AppDelegate.h; sourceTree = "<group>"; };
		28C6FE711A80BD8D00D8712B /* AppDelegate.m */ = {isa = PBXFileReference; lastKnownFileType = sourcecode.c.objc; path = AppDelegate.m; sourceTree = "<group>"; };
		28C6FE771A80BD8D00D8712B /* Base */ = {isa = PBXFileReference; lastKnownFileType = file.storyboard; name = Base; path = Base.lproj/Main.storyboard; sourceTree = "<group>"; };
		28C6FE791A80BD8D00D8712B /* Images.xcassets */ = {isa = PBXFileReference; lastKnownFileType = folder.assetcatalog; path = Images.xcassets; sourceTree = "<group>"; };
		28C6FE7C1A80BD8D00D8712B /* Base */ = {isa = PBXFileReference; lastKnownFileType = file.xib; name = Base; path = Base.lproj/LaunchScreen.xib; sourceTree = "<group>"; };
		28C6FE821A80BD8D00D8712B /* CollectionViewDemoTests.xctest */ = {isa = PBXFileReference; explicitFileType = wrapper.cfbundle; includeInIndex = 0; path = CollectionViewDemoTests.xctest; sourceTree = BUILT_PRODUCTS_DIR; };
		28C6FE871A80BD8D00D8712B /* Info.plist */ = {isa = PBXFileReference; lastKnownFileType = text.plist.xml; path = Info.plist; sourceTree = "<group>"; };
		28C6FE881A80BD8D00D8712B /* CollectionViewDemoTests.m */ = {isa = PBXFileReference; lastKnownFileType = sourcecode.c.objc; path = CollectionViewDemoTests.m; sourceTree = "<group>"; };
		28C6FEB41A80DE5A00D8712B /* 1.png */ = {isa = PBXFileReference; lastKnownFileType = image.png; path = 1.png; sourceTree = "<group>"; };
		28C6FEB51A80DE5A00D8712B /* 2.png */ = {isa = PBXFileReference; lastKnownFileType = image.png; path = 2.png; sourceTree = "<group>"; };
		28C6FEB61A80DE5A00D8712B /* 3.png */ = {isa = PBXFileReference; lastKnownFileType = image.png; path = 3.png; sourceTree = "<group>"; };
		28C6FEB71A80DE5A00D8712B /* 4.png */ = {isa = PBXFileReference; lastKnownFileType = image.png; path = 4.png; sourceTree = "<group>"; };
		28C6FEB81A80DE5A00D8712B /* 5.png */ = {isa = PBXFileReference; lastKnownFileType = image.png; path = 5.png; sourceTree = "<group>"; };
		28C6FEB91A80DE5A00D8712B /* 6.png */ = {isa = PBXFileReference; lastKnownFileType = image.png; path = 6.png; sourceTree = "<group>"; };
		28C6FEBA1A80DE5A00D8712B /* 7.png */ = {isa = PBXFileReference; lastKnownFileType = image.png; path = 7.png; sourceTree = "<group>"; };
		28C6FEBB1A80DE5A00D8712B /* 8.png */ = {isa = PBXFileReference; lastKnownFileType = image.png; path = 8.png; sourceTree = "<group>"; };
		28C6FEBC1A80DE5A00D8712B /* 9.png */ = {isa = PBXFileReference; lastKnownFileType = image.png; path = 9.png; sourceTree = "<group>"; };
		28C6FEC81A80E57A00D8712B /* CollectionViewController.h */ = {isa = PBXFileReference; fileEncoding = 4; lastKnownFileType = sourcecode.c.h; path = CollectionViewController.h; sourceTree = "<group>"; };
		28C6FEC91A80E57A00D8712B /* CollectionViewController.m */ = {isa = PBXFileReference; fileEncoding = 4; lastKnownFileType = sourcecode.c.objc; path = CollectionViewController.m; sourceTree = "<group>"; };
		28C6FECC1A80E58400D8712B /* CustomCell.h */ = {isa = PBXFileReference; fileEncoding = 4; lastKnownFileType = sourcecode.c.h; path = CustomCell.h; sourceTree = "<group>"; };
		28C6FECD1A80E58400D8712B /* CustomCell.m */ = {isa = PBXFileReference; fileEncoding = 4; lastKnownFileType = sourcecode.c.objc; path = CustomCell.m; sourceTree = "<group>"; };
/* End PBXFileReference section */

/* Begin PBXFrameworksBuildPhase section */
		28C6FE661A80BD8D00D8712B /* Frameworks */ = {
			isa = PBXFrameworksBuildPhase;
			buildActionMask = 2147483647;
			files = (
			);
			runOnlyForDeploymentPostprocessing = 0;
		};
		28C6FE7F1A80BD8D00D8712B /* Frameworks */ = {
			isa = PBXFrameworksBuildPhase;
			buildActionMask = 2147483647;
			files = (
			);
			runOnlyForDeploymentPostprocessing = 0;
		};
/* End PBXFrameworksBuildPhase section */

/* Begin PBXGroup section */
		28C6FE601A80BD8D00D8712B = {
			isa = PBXGroup;
			children = (
				28C6FE6B1A80BD8D00D8712B /* CollectionViewDemo */,
				28C6FE851A80BD8D00D8712B /* CollectionViewDemoTests */,
				28C6FE6A1A80BD8D00D8712B /* Products */,
			);
			sourceTree = "<group>";
		};
		28C6FE6A1A80BD8D00D8712B /* Products */ = {
			isa = PBXGroup;
			children = (
				28C6FE691A80BD8D00D8712B /* CollectionViewDemo.app */,
				28C6FE821A80BD8D00D8712B /* CollectionViewDemoTests.xctest */,
			);
			name = Products;
			sourceTree = "<group>";
		};
		28C6FE6B1A80BD8D00D8712B /* CollectionViewDemo */ = {
			isa = PBXGroup;
			children = (
				28C6FE701A80BD8D00D8712B /* AppDelegate.h */,
				28C6FE711A80BD8D00D8712B /* AppDelegate.m */,
				28C6FE761A80BD8D00D8712B /* Main.storyboard */,
				28C6FE791A80BD8D00D8712B /* Images.xcassets */,
				28C6FE7B1A80BD8D00D8712B /* LaunchScreen.xib */,
				28C6FECB1A80E58400D8712B /* Model */,
				28C6FEC61A80E57A00D8712B /* Views */,
				28C6FEB31A80DE5A00D8712B /* Images */,
				28C6FE6C1A80BD8D00D8712B /* Supporting Files */,
			);
			path = CollectionViewDemo;
			sourceTree = "<group>";
		};
		28C6FE6C1A80BD8D00D8712B /* Supporting Files */ = {
			isa = PBXGroup;
			children = (
				28C6FE6D1A80BD8D00D8712B /* Info.plist */,
				28C6FE6E1A80BD8D00D8712B /* main.m */,
			);
			name = "Supporting Files";
			sourceTree = "<group>";
		};
		28C6FE851A80BD8D00D8712B /* CollectionViewDemoTests */ = {
			isa = PBXGroup;
			children = (
				28C6FE881A80BD8D00D8712B /* CollectionViewDemoTests.m */,
				28C6FE861A80BD8D00D8712B /* Supporting Files */,
			);
			path = CollectionViewDemoTests;
			sourceTree = "<group>";
		};
		28C6FE861A80BD8D00D8712B /* Supporting Files */ = {
			isa = PBXGroup;
			children = (
				28C6FE871A80BD8D00D8712B /* Info.plist */,
			);
			name = "Supporting Files";
			sourceTree = "<group>";
		};
		28C6FEB31A80DE5A00D8712B /* Images */ = {
			isa = PBXGroup;
			children = (
				28C6FEB41A80DE5A00D8712B /* 1.png */,
				28C6FEB51A80DE5A00D8712B /* 2.png */,
				28C6FEB61A80DE5A00D8712B /* 3.png */,
				28C6FEB71A80DE5A00D8712B /* 4.png */,
				28C6FEB81A80DE5A00D8712B /* 5.png */,
				28C6FEB91A80DE5A00D8712B /* 6.png */,
				28C6FEBA1A80DE5A00D8712B /* 7.png */,
				28C6FEBB1A80DE5A00D8712B /* 8.png */,
				28C6FEBC1A80DE5A00D8712B /* 9.png */,
			);
			name = Images;
			path = ../Images;
			sourceTree = "<group>";
		};
		28C6FEC61A80E57A00D8712B /* Views */ = {
			isa = PBXGroup;
			children = (
				28C6FEC71A80E57A00D8712B /* CollectionViewController */,
			);
			path = Views;
			sourceTree = "<group>";
		};
		28C6FEC71A80E57A00D8712B /* CollectionViewController */ = {
			isa = PBXGroup;
			children = (
				28C6FEC81A80E57A00D8712B /* CollectionViewController.h */,
				28C6FEC91A80E57A00D8712B /* CollectionViewController.m */,
			);
			path = CollectionViewController;
			sourceTree = "<group>";
		};
		28C6FECB1A80E58400D8712B /* Model */ = {
			isa = PBXGroup;
			children = (
				28C6FECC1A80E58400D8712B /* CustomCell.h */,
				28C6FECD1A80E58400D8712B /* CustomCell.m */,
			);
			path = Model;
			sourceTree = "<group>";
		};
/* End PBXGroup section */

/* Begin PBXNativeTarget section */
		28C6FE681A80BD8D00D8712B /* CollectionViewDemo */ = {
			isa = PBXNativeTarget;
			buildConfigurationList = 28C6FE8C1A80BD8D00D8712B /* Build configuration list for PBXNativeTarget "CollectionViewDemo" */;
			buildPhases = (
				28C6FE651A80BD8D00D8712B /* Sources */,
				28C6FE661A80BD8D00D8712B /* Frameworks */,
				28C6FE671A80BD8D00D8712B /* Resources */,
			);
			buildRules = (
			);
			dependencies = (
			);
			name = CollectionViewDemo;
			productName = CollectionViewDemo;
			productReference = 28C6FE691A80BD8D00D8712B /* CollectionViewDemo.app */;
			productType = "com.apple.product-type.application";
		};
		28C6FE811A80BD8D00D8712B /* CollectionViewDemoTests */ = {
			isa = PBXNativeTarget;
			buildConfigurationList = 28C6FE8F1A80BD8D00D8712B /* Build configuration list for PBXNativeTarget "CollectionViewDemoTests" */;
			buildPhases = (
				28C6FE7E1A80BD8D00D8712B /* Sources */,
				28C6FE7F1A80BD8D00D8712B /* Frameworks */,
				28C6FE801A80BD8D00D8712B /* Resources */,
			);
			buildRules = (
			);
			dependencies = (
				28C6FE841A80BD8D00D8712B /* PBXTargetDependency */,
			);
			name = CollectionViewDemoTests;
			productName = CollectionViewDemoTests;
			productReference = 28C6FE821A80BD8D00D8712B /* CollectionViewDemoTests.xctest */;
			productType = "com.apple.product-type.bundle.unit-test";
		};
/* End PBXNativeTarget section */

/* Begin PBXProject section */
		28C6FE611A80BD8D00D8712B /* Project object */ = {
			isa = PBXProject;
			attributes = {
				LastUpgradeCheck = 0610;
				ORGANIZATIONNAME = TheappGuruz;
				TargetAttributes = {
					28C6FE681A80BD8D00D8712B = {
						CreatedOnToolsVersion = 6.1.1;
					};
					28C6FE811A80BD8D00D8712B = {
						CreatedOnToolsVersion = 6.1.1;
						TestTargetID = 28C6FE681A80BD8D00D8712B;
					};
				};
			};
			buildConfigurationList = 28C6FE641A80BD8D00D8712B /* Build configuration list for PBXProject "CollectionViewDemo" */;
			compatibilityVersion = "Xcode 3.2";
			developmentRegion = English;
			hasScannedForEncodings = 0;
			knownRegions = (
				en,
				Base,
			);
			mainGroup = 28C6FE601A80BD8D00D8712B;
			productRefGroup = 28C6FE6A1A80BD8D00D8712B /* Products */;
			projectDirPath = "";
			projectRoot = "";
			targets = (
				28C6FE681A80BD8D00D8712B /* CollectionViewDemo */,
				28C6FE811A80BD8D00D8712B /* CollectionViewDemoTests */,
			);
		};
/* End PBXProject section */

/* Begin PBXResourcesBuildPhase section */
		28C6FE671A80BD8D00D8712B /* Resources */ = {
			isa = PBXResourcesBuildPhase;
			buildActionMask = 2147483647;
			files = (
				28C6FEC41A80DE5A00D8712B /* 8.png in Resources */,
				28C6FEBF1A80DE5A00D8712B /* 3.png in Resources */,
				28C6FE781A80BD8D00D8712B /* Main.storyboard in Resources */,
				28C6FEBE1A80DE5A00D8712B /* 2.png in Resources */,
				28C6FEC11A80DE5A00D8712B /* 5.png in Resources */,
				28C6FEC51A80DE5A00D8712B /* 9.png in Resources */,
				28C6FEBD1A80DE5A00D8712B /* 1.png in Resources */,
				28C6FEC21A80DE5A00D8712B /* 6.png in Resources */,
				28C6FEC01A80DE5A00D8712B /* 4.png in Resources */,
				28C6FE7D1A80BD8D00D8712B /* LaunchScreen.xib in Resources */,
				28C6FE7A1A80BD8D00D8712B /* Images.xcassets in Resources */,
				28C6FEC31A80DE5A00D8712B /* 7.png in Resources */,
			);
			runOnlyForDeploymentPostprocessing = 0;
		};
		28C6FE801A80BD8D00D8712B /* Resources */ = {
			isa = PBXResourcesBuildPhase;
			buildActionMask = 2147483647;
			files = (
			);
			runOnlyForDeploymentPostprocessing = 0;
		};
/* End PBXResourcesBuildPhase section */

/* Begin PBXSourcesBuildPhase section */
		28C6FE651A80BD8D00D8712B /* Sources */ = {
			isa = PBXSourcesBuildPhase;
			buildActionMask = 2147483647;
			files = (
				28C6FE721A80BD8D00D8712B /* AppDelegate.m in Sources */,
				28C6FE6F1A80BD8D00D8712B /* main.m in Sources */,
				28C6FECE1A80E58400D8712B /* CustomCell.m in Sources */,
				28C6FECA1A80E57A00D8712B /* CollectionViewController.m in Sources */,
			);
			runOnlyForDeploymentPostprocessing = 0;
		};
		28C6FE7E1A80BD8D00D8712B /* Sources */ = {
			isa = PBXSourcesBuildPhase;
			buildActionMask = 2147483647;
			files = (
				28C6FE891A80BD8D00D8712B /* CollectionViewDemoTests.m in Sources */,
			);
			runOnlyForDeploymentPostprocessing = 0;
		};
/* End PBXSourcesBuildPhase section */

/* Begin PBXTargetDependency section */
		28C6FE841A80BD8D00D8712B /* PBXTargetDependency */ = {
			isa = PBXTargetDependency;
			target = 28C6FE681A80BD8D00D8712B /* CollectionViewDemo */;
			targetProxy = 28C6FE831A80BD8D00D8712B /* PBXContainerItemProxy */;
		};
/* End PBXTargetDependency section */

/* Begin PBXVariantGroup section */
		28C6FE761A80BD8D00D8712B /* Main.storyboard */ = {
			isa = PBXVariantGroup;
			children = (
				28C6FE771A80BD8D00D8712B /* Base */,
			);
			name = Main.storyboard;
			sourceTree = "<group>";
		};
		28C6FE7B1A80BD8D00D8712B /* LaunchScreen.xib */ = {
			isa = PBXVariantGroup;
			children = (
				28C6FE7C1A80BD8D00D8712B /* Base */,
			);
			name = LaunchScreen.xib;
			sourceTree = "<group>";
		};
/* End PBXVariantGroup section */

/* Begin XCBuildConfiguration section */
		28C6FE8A1A80BD8D00D8712B /* Debug */ = {
			isa = XCBuildConfiguration;
			buildSettings = {
				ALWAYS_SEARCH_USER_PATHS = NO;
				CLANG_CXX_LANGUAGE_STANDARD = "gnu++0x";
				CLANG_CXX_LIBRARY = "libc++";
				CLANG_ENABLE_MODULES = YES;
				CLANG_ENABLE_OBJC_ARC = YES;
				CLANG_WARN_BOOL_CONVERSION = YES;
				CLANG_WARN_CONSTANT_CONVERSION = YES;
				CLANG_WARN_DIRECT_OBJC_ISA_USAGE = YES_ERROR;
				CLANG_WARN_EMPTY_BODY = YES;
				CLANG_WARN_ENUM_CONVERSION = YES;
				CLANG_WARN_INT_CONVERSION = YES;
				CLANG_WARN_OBJC_ROOT_CLASS = YES_ERROR;
				CLANG_WARN_UNREACHABLE_CODE = YES;
				CLANG_WARN__DUPLICATE_METHOD_MATCH = YES;
				"CODE_SIGN_IDENTITY[sdk=iphoneos*]" = "iPhone Developer";
				COPY_PHASE_STRIP = NO;
				ENABLE_STRICT_OBJC_MSGSEND = YES;
				GCC_C_LANGUAGE_STANDARD = gnu99;
				GCC_DYNAMIC_NO_PIC = NO;
				GCC_OPTIMIZATION_LEVEL = 0;
				GCC_PREPROCESSOR_DEFINITIONS = (
					"DEBUG=1",
					"$(inherited)",
				);
				GCC_SYMBOLS_PRIVATE_EXTERN = NO;
				GCC_WARN_64_TO_32_BIT_CONVERSION = YES;
				GCC_WARN_ABOUT_RETURN_TYPE = YES_ERROR;
				GCC_WARN_UNDECLARED_SELECTOR = YES;
				GCC_WARN_UNINITIALIZED_AUTOS = YES_AGGRESSIVE;
				GCC_WARN_UNUSED_FUNCTION = YES;
				GCC_WARN_UNUSED_VARIABLE = YES;
				IPHONEOS_DEPLOYMENT_TARGET = 8.1;
				MTL_ENABLE_DEBUG_INFO = YES;
				ONLY_ACTIVE_ARCH = YES;
				SDKROOT = iphoneos;
			};
			name = Debug;
		};
		28C6FE8B1A80BD8D00D8712B /* Release */ = {
			isa = XCBuildConfiguration;
			buildSettings = {
				ALWAYS_SEARCH_USER_PATHS = NO;
				CLANG_CXX_LANGUAGE_STANDARD = "gnu++0x";
				CLANG_CXX_LIBRARY = "libc++";
				CLANG_ENABLE_MODULES = YES;
				CLANG_ENABLE_OBJC_ARC = YES;
				CLANG_WARN_BOOL_CONVERSION = YES;
				CLANG_WARN_CONSTANT_CONVERSION = YES;
				CLANG_WARN_DIRECT_OBJC_ISA_USAGE = YES_ERROR;
				CLANG_WARN_EMPTY_BODY = YES;
				CLANG_WARN_ENUM_CONVERSION = YES;
				CLANG_WARN_INT_CONVERSION = YES;
				CLANG_WARN_OBJC_ROOT_CLASS = YES_ERROR;
				CLANG_WARN_UNREACHABLE_CODE = YES;
				CLANG_WARN__DUPLICATE_METHOD_MATCH = YES;
				"CODE_SIGN_IDENTITY[sdk=iphoneos*]" = "iPhone Developer";
				COPY_PHASE_STRIP = YES;
				ENABLE_NS_ASSERTIONS = NO;
				ENABLE_STRICT_OBJC_MSGSEND = YES;
				GCC_C_LANGUAGE_STANDARD = gnu99;
				GCC_WARN_64_TO_32_BIT_CONVERSION = YES;
				GCC_WARN_ABOUT_RETURN_TYPE = YES_ERROR;
				GCC_WARN_UNDECLARED_SELECTOR = YES;
				GCC_WARN_UNINITIALIZED_AUTOS = YES_AGGRESSIVE;
				GCC_WARN_UNUSED_FUNCTION = YES;
				GCC_WARN_UNUSED_VARIABLE = YES;
				IPHONEOS_DEPLOYMENT_TARGET = 8.1;
				MTL_ENABLE_DEBUG_INFO = NO;
				SDKROOT = iphoneos;
				VALIDATE_PRODUCT = YES;
			};
			name = Release;
		};
		28C6FE8D1A80BD8D00D8712B /* Debug */ = {
			isa = XCBuildConfiguration;
			buildSettings = {
				ASSETCATALOG_COMPILER_APPICON_NAME = AppIcon;
				INFOPLIST_FILE = CollectionViewDemo/Info.plist;
				LD_RUNPATH_SEARCH_PATHS = "$(inherited) @executable_path/Frameworks";
				PRODUCT_NAME = "$(TARGET_NAME)";
			};
			name = Debug;
		};
		28C6FE8E1A80BD8D00D8712B /* Release */ = {
			isa = XCBuildConfiguration;
			buildSettings = {
				ASSETCATALOG_COMPILER_APPICON_NAME = AppIcon;
				INFOPLIST_FILE = CollectionViewDemo/Info.plist;
				LD_RUNPATH_SEARCH_PATHS = "$(inherited) @executable_path/Frameworks";
				PRODUCT_NAME = "$(TARGET_NAME)";
			};
			name = Release;
		};
		28C6FE901A80BD8D00D8712B /* Debug */ = {
			isa = XCBuildConfiguration;
			buildSettings = {
				BUNDLE_LOADER = "$(TEST_HOST)";
				FRAMEWORK_SEARCH_PATHS = (
					"$(SDKROOT)/Developer/Library/Frameworks",
					"$(inherited)",
				);
				GCC_PREPROCESSOR_DEFINITIONS = (
					"DEBUG=1",
					"$(inherited)",
				);
				INFOPLIST_FILE = CollectionViewDemoTests/Info.plist;
				LD_RUNPATH_SEARCH_PATHS = "$(inherited) @executable_path/Frameworks @loader_path/Frameworks";
				PRODUCT_NAME = "$(TARGET_NAME)";
				TEST_HOST = "$(BUILT_PRODUCTS_DIR)/CollectionViewDemo.app/CollectionViewDemo";
			};
			name = Debug;
		};
		28C6FE911A80BD8D00D8712B /* Release */ = {
			isa = XCBuildConfiguration;
			buildSettings = {
				BUNDLE_LOADER = "$(TEST_HOST)";
				FRAMEWORK_SEARCH_PATHS = (
					"$(SDKROOT)/Developer/Library/Frameworks",
					"$(inherited)",
				);
				INFOPLIST_FILE = CollectionViewDemoTests/Info.plist;
				LD_RUNPATH_SEARCH_PATHS = "$(inherited) @executable_path/Frameworks @loader_path/Frameworks";
				PRODUCT_NAME = "$(TARGET_NAME)";
				TEST_HOST = "$(BUILT_PRODUCTS_DIR)/CollectionViewDemo.app/CollectionViewDemo";
			};
			name = Release;
		};
/* End XCBuildConfiguration section */

/* Begin XCConfigurationList section */
		28C6FE641A80BD8D00D8712B /* Build configuration list for PBXProject "CollectionViewDemo" */ = {
			isa = XCConfigurationList;
			buildConfigurations = (
				28C6FE8A1A80BD8D00D8712B /* Debug */,
				28C6FE8B1A80BD8D00D8712B /* Release */,
			);
			defaultConfigurationIsVisible = 0;
			defaultConfigurationName = Release;
		};
		28C6FE8C1A80BD8D00D8712B /* Build configuration list for PBXNativeTarget "CollectionViewDemo" */ = {
			isa = XCConfigurationList;
			buildConfigurations = (
				28C6FE8D1A80BD8D00D8712B /* Debug */,
				28C6FE8E1A80BD8D00D8712B /* Release */,
			);
			defaultConfigurationIsVisible = 0;
			defaultConfigurationName = Release;
		};
		28C6FE8F1A80BD8D00D8712B /* Build configuration list for PBXNativeTarget "CollectionViewDemoTests" */ = {
			isa = XCConfigurationList;
			buildConfigurations = (
				28C6FE901A80BD8D00D8712B /* Debug */,
				28C6FE911A80BD8D00D8712B /* Release */,
			);
			defaultConfigurationIsVisible = 0;
			defaultConfigurationName = Release;
		};
/* End XCConfigurationList section */
	};
	rootObject = 28C6FE611A80BD8D00D8712B /* Project object */;
}
